
Microsoft Visual Studio Solution File, Format Version 12.00
# Visual Studio Version 17
VisualStudioVersion = 17.11.35222.181
MinimumVisualStudioVersion = 10.0.40219.1
Project("{FAE04EC0-301F-11D3-BF4B-00C04F79EFBC}") = "ProconHelper", "ProconHelper\ProconHelper.csproj", "{1FD301AF-3728-4A54-8A86-99CFC67BC26F}"
EndProject
Global
	GlobalSection(SolutionConfigurationPlatforms) = preSolution
		Debug|Any CPU = Debug|Any CPU
		Debug|x64 = Debug|x64
		Release|Any CPU = Release|Any CPU
		Release|x64 = Release|x64
	EndGlobalSection
	GlobalSection(ProjectConfigurationPlatforms) = postSolution
		{1FD301AF-3728-4A54-8A86-99CFC67BC26F}.Debug|Any CPU.ActiveCfg = Debug|Any CPU
		{1FD301AF-3728-4A54-8A86-99CFC67BC26F}.Debug|Any CPU.Build.0 = Debug|Any CPU
		{1FD301AF-3728-4A54-8A86-99CFC67BC26F}.Debug|x64.ActiveCfg = Debug|x64
		{1FD301AF-3728-4A54-8A86-99CFC67BC26F}.Debug|x64.Build.0 = Debug|x64
		{1FD301AF-3728-4A54-8A86-99CFC67BC26F}.Release|Any CPU.ActiveCfg = Release|Any CPU
		{1FD301AF-3728-4A54-8A86-99CFC67BC26F}.Release|Any CPU.Build.0 = Release|Any CPU
		{1FD301AF-3728-4A54-8A86-99CFC67BC26F}.Release|x64.ActiveCfg = Release|x64
		{1FD301AF-3728-4A54-8A86-99CFC67BC26F}.Release|x64.Build.0 = Release|x64
	EndGlobalSection
	GlobalSection(SolutionProperties) = preSolution
		HideSolutionNode = FALSE
	EndGlobalSection
	GlobalSection(ExtensibilityGlobals) = postSolution
		SolutionGuid = {056B79BD-DA05-462F-8D1A-F2835FD5B6A4}
	EndGlobalSection
EndGlobal
